<?xml version="1.0" encoding="utf-8"?>
<Project ToolsVersion="4.0" xmlns="http://schemas.microsoft.com/developer/msbuild/2003">
  <ItemGroup>
    <ClCompile Include="glad.c" />
    <ClCompile Include="Shader.cpp" />
    <ClCompile Include="Source.cpp" />
  </ItemGroup>
  <ItemGroup>
    <ClInclude Include="Shader.h" />
  </ItemGroup>
  <ItemGroup>
    <None Include="..\Shaders\Hello.fs" />
    <None Include="..\Shaders\Hello.vs" />
    <None Include="..\Shaders\Ortho.fs">
      <Filter>shaders</Filter>
    </None>
    <None Include="..\Shaders\Ortho.vs">
      <Filter>shaders</Filter>
    </None>
  </ItemGroup>
  <ItemGroup>
    <Filter Include="shaders">
      <UniqueIdentifier>{ce83b3d3-ecab-42b0-abca-13b717d66646}</UniqueIdentifier>
    </Filter>
  </ItemGroup>
</Project>